
Microsoft Visual Studio Solution File, Format Version 12.00
# Visual Studio Version 16
VisualStudioVersion = 16.0.32602.291
MinimumVisualStudioVersion = 10.0.40219.1
Project("{FAE04EC0-301F-11D3-BF4B-00C04F79EFBC}") = "Ejercicio 1 de Jonathan Benigni", "Ejercicio 1 de Jonathan Benigni.csproj", "{04F577B8-400E-446F-B1E2-224E28EF2AA2}"
EndProject
Global
	GlobalSection(SolutionConfigurationPlatforms) = preSolution
		Debug|Any CPU = Debug|Any CPU
		Release|Any CPU = Release|Any CPU
	EndGlobalSection
	GlobalSection(ProjectConfigurationPlatforms) = postSolution
		{04F577B8-400E-446F-B1E2-224E28EF2AA2}.Debug|Any CPU.ActiveCfg = Debug|Any CPU
		{04F577B8-400E-446F-B1E2-224E28EF2AA2}.Debug|Any CPU.Build.0 = Debug|Any CPU
		{04F577B8-400E-446F-B1E2-224E28EF2AA2}.Release|Any CPU.ActiveCfg = Release|Any CPU
		{04F577B8-400E-446F-B1E2-224E28EF2AA2}.Release|Any CPU.Build.0 = Release|Any CPU
	EndGlobalSection
	GlobalSection(SolutionProperties) = preSolution
		HideSolutionNode = FALSE
	EndGlobalSection
	GlobalSection(ExtensibilityGlobals) = postSolution
		SolutionGuid = {101A5A4A-8941-464A-BB26-355E121104D4}
	EndGlobalSection
EndGlobal
